# THIS IS AN AUTOGENERATED FILE. DO NOT EDIT THIS FILE DIRECTLY.
# yarn lockfile v1


balanced-match@^1.0.0:
  version "1.0.0"
  resolved "http://registry.npm.taobao.org/balanced-match/download/balanced-match-1.0.0.tgz#89b4d199ab2bee49de164ea02b89ce462d71b767"

brace-expansion@^1.1.7:
  version "1.1.8"
  resolved "http://registry.npm.taobao.org/brace-expansion/download/brace-expansion-1.1.8.tgz#c07b211c7c952ec1f8efd51a77ef0d1d3990a292"
  dependencies:
    balanced-match "^1.0.0"
    concat-map "0.0.1"

coffee-script@*:
  version "1.12.7"
  resolved "http://registry.npm.taobao.org/coffee-script/download/coffee-script-1.12.7.tgz#c05dae0cb79591d05b3070a8433a98c9a89ccc53"

commander@0.6.1:
  version "0.6.1"
  resolved "http://registry.npm.taobao.org/commander/download/commander-0.6.1.tgz#fa68a14f6a945d54dbbe50d8cdb3320e9e3b1a06"

concat-map@0.0.1:
  version "0.0.1"
  resolved "http://registry.npm.taobao.org/concat-map/download/concat-map-0.0.1.tgz#d8a96bd77fd68df7793a73036a3ba0d5405d477b"

debug@*:
  version "4.0.1"
  resolved "http://registry.npm.taobao.org/debug/download/debug-4.0.1.tgz#f9bb36d439b8d1f0dd52d8fb6b46e4ebb8c1cd5b"
  dependencies:
    ms "^2.1.1"

diff@1.0.2:
  version "1.0.2"
  resolved "http://registry.npm.taobao.org/diff/download/diff-1.0.2.tgz#4ae73f1aee8d6fcf484f1a1ce77ce651d9b7f0c9"

duplexer@0.0.2:
  version "0.0.2"
  resolved "http://registry.npm.taobao.org/duplexer/download/duplexer-0.0.2.tgz#277f5c7dddc4fac1a170ca061b098cf33d5d333f"

duplexer@~0.0.2:
  version "0.0.4"
  resolved "http://registry.npm.taobao.org/duplexer/download/duplexer-0.0.4.tgz#afcb7f1f8b8d74f820726171d5d64ac9e4a8ff20"

duplexer@~0.1.1:
  version "0.1.1"
  resolved "http://registry.npm.taobao.org/duplexer/download/duplexer-0.1.1.tgz#ace6ff808c1ce66b57d1ebf97977acb02334cfc1"

event-stream@*:
  version "3.3.4"
  resolved "http://registry.npm.taobao.org/event-stream/download/event-stream-3.3.4.tgz#4ab4c9a0f5a54db9338b4c34d86bfce8f4b35571"
  dependencies:
    duplexer "~0.1.1"
    from "~0"
    map-stream "~0.1.0"
    pause-stream "0.0.11"
    split "0.3"
    stream-combiner "~0.0.4"
    through "~2.3.1"

event-stream@3.0.15:
  version "3.0.15"
  resolved "http://registry.npm.taobao.org/event-stream/download/event-stream-3.0.15.tgz#82bfd046fa465583a76bb850e64e15da853e8c5d"
  dependencies:
    duplexer "~0.0.2"
    from "~0"
    map-stream "0.0.2"
    pause-stream "0.0.10"
    split "0.2"
    stream-combiner "0.0.0"
    through "~2.3.1"

from@~0:
  version "0.1.7"
  resolved "http://registry.npm.taobao.org/from/download/from-0.1.7.tgz#83c60afc58b9c56997007ed1a768b3ab303a44fe"

fs.realpath@^1.0.0:
  version "1.0.0"
  resolved "http://registry.npm.taobao.org/fs.realpath/download/fs.realpath-1.0.0.tgz#1504ad2523158caa40db4a2787cb01411994ea4f"

glob-stream@0.0.3:
  version "0.0.3"
  resolved "http://registry.npm.taobao.org/glob-stream/download/glob-stream-0.0.3.tgz#022611081245df72488471689dd3914b3ac01bd2"
  dependencies:
    coffee-script "*"
    event-stream "*"
    glob "*"

glob@*:
  version "7.1.3"
  resolved "http://registry.npm.taobao.org/glob/download/glob-7.1.3.tgz#3960832d3f1574108342dafd3a67b332c0969df1"
  dependencies:
    fs.realpath "^1.0.0"
    inflight "^1.0.4"
    inherits "2"
    minimatch "^3.0.4"
    once "^1.3.0"
    path-is-absolute "^1.0.0"

glob@3.2.1:
  version "3.2.1"
  resolved "http://registry.npm.taobao.org/glob/download/glob-3.2.1.tgz#57af70ec73ba2323bfe3f29a067765db64c5d758"
  dependencies:
    graceful-fs "~1.2.0"
    inherits "1"
    minimatch "~0.2.11"

graceful-fs@~1.2.0:
  version "1.2.3"
  resolved "http://registry.npm.taobao.org/graceful-fs/download/graceful-fs-1.2.3.tgz#15a4806a57547cb2d2dbf27f42e89a8c3451b364"

growl@1.7.x:
  version "1.7.0"
  resolved "http://registry.npm.taobao.org/growl/download/growl-1.7.0.tgz#de2d66136d002e112ba70f3f10c31cf7c350b2da"

inflight@^1.0.4:
  version "1.0.6"
  resolved "http://registry.npm.taobao.org/inflight/download/inflight-1.0.6.tgz#49bd6331d7d02d0c09bc910a1075ba8165b56df9"
  dependencies:
    once "^1.3.0"
    wrappy "1"

inherits@1:
  version "1.0.2"
  resolved "http://registry.npm.taobao.org/inherits/download/inherits-1.0.2.tgz#ca4309dadee6b54cc0b8d247e8d7c7a0975bdc9b"

inherits@2:
  version "2.0.3"
  resolved "http://registry.npm.taobao.org/inherits/download/inherits-2.0.3.tgz#633c2c83e3da42a502f52466022480f4208261de"

jade@0.26.3:
  version "0.26.3"
  resolved "http://registry.npm.taobao.org/jade/download/jade-0.26.3.tgz#8f10d7977d8d79f2f6ff862a81b0513ccb25686c"
  dependencies:
    commander "0.6.1"
    mkdirp "0.3.0"

lru-cache@2:
  version "2.7.3"
  resolved "http://registry.npm.taobao.org/lru-cache/download/lru-cache-2.7.3.tgz#6d4524e8b955f95d4f5b58851ce21dd72fb4e952"

map-stream@0.0.2:
  version "0.0.2"
  resolved "http://registry.npm.taobao.org/map-stream/download/map-stream-0.0.2.tgz#2fb8d4063cc58eec6953bfab1b2f44271d1c8765"

map-stream@~0.1.0:
  version "0.1.0"
  resolved "http://registry.npm.taobao.org/map-stream/download/map-stream-0.1.0.tgz#e56aa94c4c8055a16404a0674b78f215f7c8e194"

minimatch@^3.0.4:
  version "3.0.4"
  resolved "http://registry.npm.taobao.org/minimatch/download/minimatch-3.0.4.tgz#5166e286457f03306064be5497e8dbb0c3d32083"
  dependencies:
    brace-expansion "^1.1.7"

minimatch@~0.2.11:
  version "0.2.14"
  resolved "http://registry.npm.taobao.org/minimatch/download/minimatch-0.2.14.tgz#c74e780574f63c6f9a090e90efbe6ef53a6a756a"
  dependencies:
    lru-cache "2"
    sigmund "~1.0.0"

minimist@~0.0.1:
  version "0.0.10"
  resolved "http://registry.npm.taobao.org/minimist/download/minimist-0.0.10.tgz#de3f98543dbf96082be48ad1a0c7cda836301dcf"

mkdirp@0.3.0:
  version "0.3.0"
  resolved "http://registry.npm.taobao.org/mkdirp/download/mkdirp-0.3.0.tgz#1bbf5ab1ba827af23575143490426455f481fe1e"

mkdirp@0.3.5:
  version "0.3.5"
  resolved "http://registry.npm.taobao.org/mkdirp/download/mkdirp-0.3.5.tgz#de3e5f8961c88c787ee1368df849ac4413eca8d7"

mocha@1.12:
  version "1.12.1"
  resolved "http://registry.npm.taobao.org/mocha/download/mocha-1.12.1.tgz#5212e3f5914eef8c0888ae344e6a7dd2e5ac294a"
  dependencies:
    commander "0.6.1"
    debug "*"
    diff "1.0.2"
    glob "3.2.1"
    growl "1.7.x"
    jade "0.26.3"
    mkdirp "0.3.5"

ms@^2.1.1:
  version "2.1.1"
  resolved "http://registry.npm.taobao.org/ms/download/ms-2.1.1.tgz#30a5864eb3ebb0a66f2ebe6d727af06a09d86e0a"

once@^1.3.0:
  version "1.4.0"
  resolved "http://registry.npm.taobao.org/once/download/once-1.4.0.tgz#583b1aa775961d4b113ac17d9c50baef9dd76bd1"
  dependencies:
    wrappy "1"

optimist@0.6.0:
  version "0.6.0"
  resolved "http://registry.npm.taobao.org/optimist/download/optimist-0.6.0.tgz#69424826f3405f79f142e6fc3d9ae58d4dbb9200"
  dependencies:
    minimist "~0.0.1"
    wordwrap "~0.0.2"

path-is-absolute@^1.0.0:
  version "1.0.1"
  resolved "http://registry.npm.taobao.org/path-is-absolute/download/path-is-absolute-1.0.1.tgz#174b9268735534ffbc7ace6bf53a5a9e1b5c5f5f"

pause-stream@0.0.10:
  version "0.0.10"
  resolved "http://registry.npm.taobao.org/pause-stream/download/pause-stream-0.0.10.tgz#e716d5c168919ddbdd4dda28a589cd4b0a5d5a20"
  dependencies:
    through "~2.3"

pause-stream@0.0.11:
  version "0.0.11"
  resolved "http://registry.npm.taobao.org/pause-stream/download/pause-stream-0.0.11.tgz#fe5a34b0cbce12b5aa6a2b403ee2e73b602f1445"
  dependencies:
    through "~2.3"

should@~1.2:
  version "1.2.2"
  resolved "http://registry.npm.taobao.org/should/download/should-1.2.2.tgz#0f03f775066d9ea2632690c917b12824fcc1d582"

sigmund@~1.0.0:
  version "1.0.1"
  resolved "http://registry.npm.taobao.org/sigmund/download/sigmund-1.0.1.tgz#3ff21f198cad2175f9f3b781853fd94d0d19b590"

split@0.2:
  version "0.2.10"
  resolved "http://registry.npm.taobao.org/split/download/split-0.2.10.tgz#67097c601d697ce1368f418f06cd201cf0521a57"
  dependencies:
    through "2"

split@0.3:
  version "0.3.3"
  resolved "http://registry.npm.taobao.org/split/download/split-0.3.3.tgz#cd0eea5e63a211dfff7eb0f091c4133e2d0dd28f"
  dependencies:
    through "2"

stream-combiner@0.0.0:
  version "0.0.0"
  resolved "http://registry.npm.taobao.org/stream-combiner/download/stream-combiner-0.0.0.tgz#250ec42c28bb1cda6250f533e4e41b235587162c"
  dependencies:
    duplexer "0.0.2"

stream-combiner@~0.0.4:
  version "0.0.4"
  resolved "http://registry.npm.taobao.org/stream-combiner/download/stream-combiner-0.0.4.tgz#4d5e433c185261dde623ca3f44c586bcf5c4ad14"
  dependencies:
    duplexer "~0.1.1"

through@2, through@~2.3, through@~2.3.1:
  version "2.3.8"
  resolved "http://registry.npm.taobao.org/through/download/through-2.3.8.tgz#0dd4c9ffaabc357960b1b724115d7e0e86a2e1f5"

wordwrap@~0.0.2:
  version "0.0.3"
  resolved "http://registry.npm.taobao.org/wordwrap/download/wordwrap-0.0.3.tgz#a3d5da6cd5c0bc0008d37234bbaf1bed63059107"

wrappy@1:
  version "1.0.2"
  resolved "http://registry.npm.taobao.org/wrappy/download/wrappy-1.0.2.tgz#b5243d8f3ec1aa35f1364605bc0d1036e30ab69f"
